
Microsoft Visual Studio Solution File, Format Version 12.00
# Visual Studio 15
VisualStudioVersion = 15.0.26124.0
MinimumVisualStudioVersion = 15.0.26124.0
Project("{2150E333-8FDC-42A3-9474-1A3956D46DE8}") = "src", "src", "{63265C70-33CC-4093-9756-45E17EE4FE94}"
EndProject
Project("{F2A71F9B-5D33-465A-A702-920D77279786}") = "Basealize", "src\Basealize\Basealize.fsproj", "{504B4419-DF6A-4F27-8C90-B273D1E6E840}"
EndProject
Project("{F2A71F9B-5D33-465A-A702-920D77279786}") = "Dozenalize", "src\Dozenalize\Dozenalize.fsproj", "{F53CB6EB-047F-4C9F-9A8E-583678C6FA26}"
EndProject
Project("{F2A71F9B-5D33-465A-A702-920D77279786}") = "Seximalize", "src\Seximalize\Seximalize.fsproj", "{120CB66D-6303-4FA4-A5C9-809D509A6509}"
EndProject
Project("{F2A71F9B-5D33-465A-A702-920D77279786}") = "Niftimalize", "src\Niftimalize\Niftimalize.fsproj", "{66D4FCE8-BC85-4C6C-8DF3-D8C621B861C4}"
EndProject
Project("{2150E333-8FDC-42A3-9474-1A3956D46DE8}") = "tests", "tests", "{2C071568-1286-438D-BF5D-14181BDD1B2D}"
EndProject
Project("{F2A71F9B-5D33-465A-A702-920D77279786}") = "Dozenalize.UnitTests", "tests\Dozenalize.UnitTests\Dozenalize.UnitTests.fsproj", "{F649A8CD-8DA5-4C05-849E-242929FD647D}"
EndProject
Project("{F2A71F9B-5D33-465A-A702-920D77279786}") = "Seximalize.UnitTests", "tests\Seximalize.UnitTests\Seximalize.UnitTests.fsproj", "{8BAC7EAC-CCDE-4466-AF37-798A15BE08F0}"
EndProject
Project("{F2A71F9B-5D33-465A-A702-920D77279786}") = "Niftimalize.UnitTests", "tests\Niftimalize.UnitTests\Niftimalize.UnitTests.fsproj", "{C0CB86B0-8697-43E1-9798-F8BB2D63EF8C}"
EndProject
Project("{2150E333-8FDC-42A3-9474-1A3956D46DE8}") = "examples", "examples", "{19EA81E0-7C9F-478E-89D1-8A6079F3B44D}"
EndProject
Project("{FAE04EC0-301F-11D3-BF4B-00C04F79EFBC}") = "Basealize.Examples.CSharp", "examples\csharp\Basealize.Examples.CSharp.csproj", "{F827B3D2-39EF-4064-8EA6-7DB0BEA6F837}"
EndProject
Global
	GlobalSection(SolutionConfigurationPlatforms) = preSolution
		Debug|Any CPU = Debug|Any CPU
		Debug|x64 = Debug|x64
		Debug|x86 = Debug|x86
		Release|Any CPU = Release|Any CPU
		Release|x64 = Release|x64
		Release|x86 = Release|x86
	EndGlobalSection
	GlobalSection(SolutionProperties) = preSolution
		HideSolutionNode = FALSE
	EndGlobalSection
	GlobalSection(ProjectConfigurationPlatforms) = postSolution
		{504B4419-DF6A-4F27-8C90-B273D1E6E840}.Debug|Any CPU.ActiveCfg = Debug|Any CPU
		{504B4419-DF6A-4F27-8C90-B273D1E6E840}.Debug|Any CPU.Build.0 = Debug|Any CPU
		{504B4419-DF6A-4F27-8C90-B273D1E6E840}.Debug|x64.ActiveCfg = Debug|Any CPU
		{504B4419-DF6A-4F27-8C90-B273D1E6E840}.Debug|x64.Build.0 = Debug|Any CPU
		{504B4419-DF6A-4F27-8C90-B273D1E6E840}.Debug|x86.ActiveCfg = Debug|Any CPU
		{504B4419-DF6A-4F27-8C90-B273D1E6E840}.Debug|x86.Build.0 = Debug|Any CPU
		{504B4419-DF6A-4F27-8C90-B273D1E6E840}.Release|Any CPU.ActiveCfg = Release|Any CPU
		{504B4419-DF6A-4F27-8C90-B273D1E6E840}.Release|Any CPU.Build.0 = Release|Any CPU
		{504B4419-DF6A-4F27-8C90-B273D1E6E840}.Release|x64.ActiveCfg = Release|Any CPU
		{504B4419-DF6A-4F27-8C90-B273D1E6E840}.Release|x64.Build.0 = Release|Any CPU
		{504B4419-DF6A-4F27-8C90-B273D1E6E840}.Release|x86.ActiveCfg = Release|Any CPU
		{504B4419-DF6A-4F27-8C90-B273D1E6E840}.Release|x86.Build.0 = Release|Any CPU
		{F53CB6EB-047F-4C9F-9A8E-583678C6FA26}.Debug|Any CPU.ActiveCfg = Debug|Any CPU
		{F53CB6EB-047F-4C9F-9A8E-583678C6FA26}.Debug|Any CPU.Build.0 = Debug|Any CPU
		{F53CB6EB-047F-4C9F-9A8E-583678C6FA26}.Debug|x64.ActiveCfg = Debug|Any CPU
		{F53CB6EB-047F-4C9F-9A8E-583678C6FA26}.Debug|x64.Build.0 = Debug|Any CPU
		{F53CB6EB-047F-4C9F-9A8E-583678C6FA26}.Debug|x86.ActiveCfg = Debug|Any CPU
		{F53CB6EB-047F-4C9F-9A8E-583678C6FA26}.Debug|x86.Build.0 = Debug|Any CPU
		{F53CB6EB-047F-4C9F-9A8E-583678C6FA26}.Release|Any CPU.ActiveCfg = Release|Any CPU
		{F53CB6EB-047F-4C9F-9A8E-583678C6FA26}.Release|Any CPU.Build.0 = Release|Any CPU
		{F53CB6EB-047F-4C9F-9A8E-583678C6FA26}.Release|x64.ActiveCfg = Release|Any CPU
		{F53CB6EB-047F-4C9F-9A8E-583678C6FA26}.Release|x64.Build.0 = Release|Any CPU
		{F53CB6EB-047F-4C9F-9A8E-583678C6FA26}.Release|x86.ActiveCfg = Release|Any CPU
		{F53CB6EB-047F-4C9F-9A8E-583678C6FA26}.Release|x86.Build.0 = Release|Any CPU
		{120CB66D-6303-4FA4-A5C9-809D509A6509}.Debug|Any CPU.ActiveCfg = Debug|Any CPU
		{120CB66D-6303-4FA4-A5C9-809D509A6509}.Debug|Any CPU.Build.0 = Debug|Any CPU
		{120CB66D-6303-4FA4-A5C9-809D509A6509}.Debug|x64.ActiveCfg = Debug|Any CPU
		{120CB66D-6303-4FA4-A5C9-809D509A6509}.Debug|x64.Build.0 = Debug|Any CPU
		{120CB66D-6303-4FA4-A5C9-809D509A6509}.Debug|x86.ActiveCfg = Debug|Any CPU
		{120CB66D-6303-4FA4-A5C9-809D509A6509}.Debug|x86.Build.0 = Debug|Any CPU
		{120CB66D-6303-4FA4-A5C9-809D509A6509}.Release|Any CPU.ActiveCfg = Release|Any CPU
		{120CB66D-6303-4FA4-A5C9-809D509A6509}.Release|Any CPU.Build.0 = Release|Any CPU
		{120CB66D-6303-4FA4-A5C9-809D509A6509}.Release|x64.ActiveCfg = Release|Any CPU
		{120CB66D-6303-4FA4-A5C9-809D509A6509}.Release|x64.Build.0 = Release|Any CPU
		{120CB66D-6303-4FA4-A5C9-809D509A6509}.Release|x86.ActiveCfg = Release|Any CPU
		{120CB66D-6303-4FA4-A5C9-809D509A6509}.Release|x86.Build.0 = Release|Any CPU
		{F649A8CD-8DA5-4C05-849E-242929FD647D}.Debug|Any CPU.ActiveCfg = Debug|Any CPU
		{F649A8CD-8DA5-4C05-849E-242929FD647D}.Debug|Any CPU.Build.0 = Debug|Any CPU
		{F649A8CD-8DA5-4C05-849E-242929FD647D}.Debug|x64.ActiveCfg = Debug|Any CPU
		{F649A8CD-8DA5-4C05-849E-242929FD647D}.Debug|x64.Build.0 = Debug|Any CPU
		{F649A8CD-8DA5-4C05-849E-242929FD647D}.Debug|x86.ActiveCfg = Debug|Any CPU
		{F649A8CD-8DA5-4C05-849E-242929FD647D}.Debug|x86.Build.0 = Debug|Any CPU
		{F649A8CD-8DA5-4C05-849E-242929FD647D}.Release|Any CPU.ActiveCfg = Release|Any CPU
		{F649A8CD-8DA5-4C05-849E-242929FD647D}.Release|Any CPU.Build.0 = Release|Any CPU
		{F649A8CD-8DA5-4C05-849E-242929FD647D}.Release|x64.ActiveCfg = Release|Any CPU
		{F649A8CD-8DA5-4C05-849E-242929FD647D}.Release|x64.Build.0 = Release|Any CPU
		{F649A8CD-8DA5-4C05-849E-242929FD647D}.Release|x86.ActiveCfg = Release|Any CPU
		{F649A8CD-8DA5-4C05-849E-242929FD647D}.Release|x86.Build.0 = Release|Any CPU
		{8BAC7EAC-CCDE-4466-AF37-798A15BE08F0}.Debug|Any CPU.ActiveCfg = Debug|Any CPU
		{8BAC7EAC-CCDE-4466-AF37-798A15BE08F0}.Debug|Any CPU.Build.0 = Debug|Any CPU
		{8BAC7EAC-CCDE-4466-AF37-798A15BE08F0}.Debug|x64.ActiveCfg = Debug|Any CPU
		{8BAC7EAC-CCDE-4466-AF37-798A15BE08F0}.Debug|x64.Build.0 = Debug|Any CPU
		{8BAC7EAC-CCDE-4466-AF37-798A15BE08F0}.Debug|x86.ActiveCfg = Debug|Any CPU
		{8BAC7EAC-CCDE-4466-AF37-798A15BE08F0}.Debug|x86.Build.0 = Debug|Any CPU
		{8BAC7EAC-CCDE-4466-AF37-798A15BE08F0}.Release|Any CPU.ActiveCfg = Release|Any CPU
		{8BAC7EAC-CCDE-4466-AF37-798A15BE08F0}.Release|Any CPU.Build.0 = Release|Any CPU
		{8BAC7EAC-CCDE-4466-AF37-798A15BE08F0}.Release|x64.ActiveCfg = Release|Any CPU
		{8BAC7EAC-CCDE-4466-AF37-798A15BE08F0}.Release|x64.Build.0 = Release|Any CPU
		{8BAC7EAC-CCDE-4466-AF37-798A15BE08F0}.Release|x86.ActiveCfg = Release|Any CPU
		{8BAC7EAC-CCDE-4466-AF37-798A15BE08F0}.Release|x86.Build.0 = Release|Any CPU
		{66D4FCE8-BC85-4C6C-8DF3-D8C621B861C4}.Debug|Any CPU.ActiveCfg = Debug|Any CPU
		{66D4FCE8-BC85-4C6C-8DF3-D8C621B861C4}.Debug|Any CPU.Build.0 = Debug|Any CPU
		{66D4FCE8-BC85-4C6C-8DF3-D8C621B861C4}.Debug|x64.ActiveCfg = Debug|Any CPU
		{66D4FCE8-BC85-4C6C-8DF3-D8C621B861C4}.Debug|x64.Build.0 = Debug|Any CPU
		{66D4FCE8-BC85-4C6C-8DF3-D8C621B861C4}.Debug|x86.ActiveCfg = Debug|Any CPU
		{66D4FCE8-BC85-4C6C-8DF3-D8C621B861C4}.Debug|x86.Build.0 = Debug|Any CPU
		{66D4FCE8-BC85-4C6C-8DF3-D8C621B861C4}.Release|Any CPU.ActiveCfg = Release|Any CPU
		{66D4FCE8-BC85-4C6C-8DF3-D8C621B861C4}.Release|Any CPU.Build.0 = Release|Any CPU
		{66D4FCE8-BC85-4C6C-8DF3-D8C621B861C4}.Release|x64.ActiveCfg = Release|Any CPU
		{66D4FCE8-BC85-4C6C-8DF3-D8C621B861C4}.Release|x64.Build.0 = Release|Any CPU
		{66D4FCE8-BC85-4C6C-8DF3-D8C621B861C4}.Release|x86.ActiveCfg = Release|Any CPU
		{66D4FCE8-BC85-4C6C-8DF3-D8C621B861C4}.Release|x86.Build.0 = Release|Any CPU
		{C0CB86B0-8697-43E1-9798-F8BB2D63EF8C}.Debug|Any CPU.ActiveCfg = Debug|Any CPU
		{C0CB86B0-8697-43E1-9798-F8BB2D63EF8C}.Debug|Any CPU.Build.0 = Debug|Any CPU
		{C0CB86B0-8697-43E1-9798-F8BB2D63EF8C}.Debug|x64.ActiveCfg = Debug|Any CPU
		{C0CB86B0-8697-43E1-9798-F8BB2D63EF8C}.Debug|x64.Build.0 = Debug|Any CPU
		{C0CB86B0-8697-43E1-9798-F8BB2D63EF8C}.Debug|x86.ActiveCfg = Debug|Any CPU
		{C0CB86B0-8697-43E1-9798-F8BB2D63EF8C}.Debug|x86.Build.0 = Debug|Any CPU
		{C0CB86B0-8697-43E1-9798-F8BB2D63EF8C}.Release|Any CPU.ActiveCfg = Release|Any CPU
		{C0CB86B0-8697-43E1-9798-F8BB2D63EF8C}.Release|Any CPU.Build.0 = Release|Any CPU
		{C0CB86B0-8697-43E1-9798-F8BB2D63EF8C}.Release|x64.ActiveCfg = Release|Any CPU
		{C0CB86B0-8697-43E1-9798-F8BB2D63EF8C}.Release|x64.Build.0 = Release|Any CPU
		{C0CB86B0-8697-43E1-9798-F8BB2D63EF8C}.Release|x86.ActiveCfg = Release|Any CPU
		{C0CB86B0-8697-43E1-9798-F8BB2D63EF8C}.Release|x86.Build.0 = Release|Any CPU
		{F827B3D2-39EF-4064-8EA6-7DB0BEA6F837}.Debug|Any CPU.ActiveCfg = Debug|Any CPU
		{F827B3D2-39EF-4064-8EA6-7DB0BEA6F837}.Debug|Any CPU.Build.0 = Debug|Any CPU
		{F827B3D2-39EF-4064-8EA6-7DB0BEA6F837}.Debug|x64.ActiveCfg = Debug|Any CPU
		{F827B3D2-39EF-4064-8EA6-7DB0BEA6F837}.Debug|x64.Build.0 = Debug|Any CPU
		{F827B3D2-39EF-4064-8EA6-7DB0BEA6F837}.Debug|x86.ActiveCfg = Debug|Any CPU
		{F827B3D2-39EF-4064-8EA6-7DB0BEA6F837}.Debug|x86.Build.0 = Debug|Any CPU
		{F827B3D2-39EF-4064-8EA6-7DB0BEA6F837}.Release|Any CPU.ActiveCfg = Release|Any CPU
		{F827B3D2-39EF-4064-8EA6-7DB0BEA6F837}.Release|Any CPU.Build.0 = Release|Any CPU
		{F827B3D2-39EF-4064-8EA6-7DB0BEA6F837}.Release|x64.ActiveCfg = Release|Any CPU
		{F827B3D2-39EF-4064-8EA6-7DB0BEA6F837}.Release|x64.Build.0 = Release|Any CPU
		{F827B3D2-39EF-4064-8EA6-7DB0BEA6F837}.Release|x86.ActiveCfg = Release|Any CPU
		{F827B3D2-39EF-4064-8EA6-7DB0BEA6F837}.Release|x86.Build.0 = Release|Any CPU
	EndGlobalSection
	GlobalSection(NestedProjects) = preSolution
		{504B4419-DF6A-4F27-8C90-B273D1E6E840} = {63265C70-33CC-4093-9756-45E17EE4FE94}
		{F53CB6EB-047F-4C9F-9A8E-583678C6FA26} = {63265C70-33CC-4093-9756-45E17EE4FE94}
		{120CB66D-6303-4FA4-A5C9-809D509A6509} = {63265C70-33CC-4093-9756-45E17EE4FE94}
		{F649A8CD-8DA5-4C05-849E-242929FD647D} = {2C071568-1286-438D-BF5D-14181BDD1B2D}
		{8BAC7EAC-CCDE-4466-AF37-798A15BE08F0} = {2C071568-1286-438D-BF5D-14181BDD1B2D}
		{66D4FCE8-BC85-4C6C-8DF3-D8C621B861C4} = {63265C70-33CC-4093-9756-45E17EE4FE94}
		{C0CB86B0-8697-43E1-9798-F8BB2D63EF8C} = {2C071568-1286-438D-BF5D-14181BDD1B2D}
		{F827B3D2-39EF-4064-8EA6-7DB0BEA6F837} = {19EA81E0-7C9F-478E-89D1-8A6079F3B44D}
	EndGlobalSection
EndGlobal
